// !$*UTF8*$!
{
	archiveVersion = 1;
	classes = {
	};
	objectVersion = 60;
	objects = {

/* Begin PBXBuildFile section */
		A0000001000000000000010A /* AssistantNoteIntentClassifier.swift in Sources */ = {isa = PBXBuildFile; fileRef = A0000002000000000000010A /* AssistantNoteIntentClassifier.swift */; };
		A0000001000000000000010B /* ReplacementPackCatalog.swift in Sources */ = {isa = PBXBuildFile; fileRef = A0000002000000000000010B /* ReplacementPackCatalog.swift */; };
		A0000001000000000000010C /* ReplacementPackService.swift in Sources */ = {isa = PBXBuildFile; fileRef = A0000002000000000000010C /* ReplacementPackService.swift */; };
		A00000010000000000000131 /* SystemRAMProfile.swift in Sources */ = {isa = PBXBuildFile; fileRef = A00000020000000000000131 /* SystemRAMProfile.swift */; };
		A00000010000000000000132 /* RewriteModelLimits.swift in Sources */ = {isa = PBXBuildFile; fileRef = A00000020000000000000132 /* RewriteModelLimits.swift */; };
		A0000001000000000000010D /* HistoryCaptureService.swift in Sources */ = {isa = PBXBuildFile; fileRef = A0000002000000000000010D /* HistoryCaptureService.swift */; };
		A0000001000000000000010E /* NoteCaptureService.swift in Sources */ = {isa = PBXBuildFile; fileRef = A0000002000000000000010E /* NoteCaptureService.swift */; };
		A0000001000000000000010F /* AssistantNoteIntentClassifierTests.swift in Sources */ = {isa = PBXBuildFile; fileRef = A0000002000000000000010F /* AssistantNoteIntentClassifierTests.swift */; };
		A00000010000000000000110 /* ExternalTextPromptBuilderTests.swift in Sources */ = {isa = PBXBuildFile; fileRef = A00000020000000000000110 /* ExternalTextPromptBuilderTests.swift */; };
		A00000010000000000000111 /* ExternalTextSourceClassifierTests.swift in Sources */ = {isa = PBXBuildFile; fileRef = A00000020000000000000111 /* ExternalTextSourceClassifierTests.swift */; };
		A00000010000000000000112 /* HistoryCaptureServiceTests.swift in Sources */ = {isa = PBXBuildFile; fileRef = A00000020000000000000112 /* HistoryCaptureServiceTests.swift */; };
		A00000010000000000000113 /* NoteCaptureServiceTests.swift in Sources */ = {isa = PBXBuildFile; fileRef = A00000020000000000000113 /* NoteCaptureServiceTests.swift */; };
		A00000010000000000000114 /* ReplacementPackCatalogTests.swift in Sources */ = {isa = PBXBuildFile; fileRef = A00000020000000000000114 /* ReplacementPackCatalogTests.swift */; };
		A00000010000000000000115 /* ReplacementPackServiceTests.swift in Sources */ = {isa = PBXBuildFile; fileRef = A00000020000000000000115 /* ReplacementPackServiceTests.swift */; };
		A00000010000000000000133 /* RewriteModelLimitsTests.swift in Sources */ = {isa = PBXBuildFile; fileRef = A00000020000000000000133 /* RewriteModelLimitsTests.swift */; };
		A00000010000000000000134 /* RewriteContextLengthIntegrationTests.swift in Sources */ = {isa = PBXBuildFile; fileRef = A00000020000000000000134 /* RewriteContextLengthIntegrationTests.swift */; };
		933C00412F6C862500B5BB12 /* WhisperModelChoice.swift in Frameworks */ = {isa = PBXBuildFile; fileRef = A0000002000000000000002F /* WhisperModelChoice.swift */; };
		933C00422F6C862500B5BB12 /* MLXLLM in Frameworks */ = {isa = PBXBuildFile; productRef = A00000130000000000000003 /* MLXLLM */; };
		933C00432F6C862500B5BB12 /* MLXLMCommon in Frameworks */ = {isa = PBXBuildFile; productRef = A00000130000000000000004 /* MLXLMCommon */; };
		933C00442F6C862500B5BB12 /* ShellPreferencesModelTests.swift in Sources */ = {isa = PBXBuildFile; fileRef = A00000020000000000000030 /* ShellPreferencesModelTests.swift */; };
		A00000010000000000000001 /* TypeLessBuddyApp.swift in Sources */ = {isa = PBXBuildFile; fileRef = A00000020000000000000001 /* TypeLessBuddyApp.swift */; };
		A00000010000000000000002 /* AppDelegate.swift in Sources */ = {isa = PBXBuildFile; fileRef = A00000020000000000000002 /* AppDelegate.swift */; };
		A00000010000000000000004 /* SetupWindowView.swift in Sources */ = {isa = PBXBuildFile; fileRef = A00000020000000000000006 /* SetupWindowView.swift */; };
		A00000010000000000000125 /* CloudLLMSettingsViewModel.swift in Sources */ = {isa = PBXBuildFile; fileRef = A00000020000000000000125 /* CloudLLMSettingsViewModel.swift */; };
		A00000010000000000000126 /* CloudLLMSettingsSectionView.swift in Sources */ = {isa = PBXBuildFile; fileRef = A00000020000000000000126 /* CloudLLMSettingsSectionView.swift */; };
		A00000010000000000000127 /* HistorySettingsViewModel.swift in Sources */ = {isa = PBXBuildFile; fileRef = A00000020000000000000127 /* HistorySettingsViewModel.swift */; };
		A00000010000000000000128 /* SetupWindowView+ModelStatus.swift in Sources */ = {isa = PBXBuildFile; fileRef = A00000020000000000000128 /* SetupWindowView+ModelStatus.swift */; };
		A00000010000000000000129 /* SetupWindowView+Onboarding.swift in Sources */ = {isa = PBXBuildFile; fileRef = A00000020000000000000129 /* SetupWindowView+Onboarding.swift */; };
		A00000010000000000000130 /* SetupWindowView+Sections.swift in Sources */ = {isa = PBXBuildFile; fileRef = A00000020000000000000130 /* SetupWindowView+Sections.swift */; };
		A00000010000000000000135 /* SetupWindowView+Tryout.swift in Sources */ = {isa = PBXBuildFile; fileRef = A00000020000000000000135 /* SetupWindowView+Tryout.swift */; };
		A00000010000000000000136 /* AccessibilityToggleIllustration.swift in Sources */ = {isa = PBXBuildFile; fileRef = A00000020000000000000136 /* AccessibilityToggleIllustration.swift */; };
		A00000010000000000000120 /* ShortcutRecorders.swift in Sources */ = {isa = PBXBuildFile; fileRef = A00000020000000000000120 /* ShortcutRecorders.swift */; };
		A00000010000000000000121 /* SettingsComponents.swift in Sources */ = {isa = PBXBuildFile; fileRef = A00000020000000000000121 /* SettingsComponents.swift */; };
		A00000010000000000000122 /* OnboardingComponents.swift in Sources */ = {isa = PBXBuildFile; fileRef = A00000020000000000000122 /* OnboardingComponents.swift */; };
		A00000010000000000000123 /* HistoryViews.swift in Sources */ = {isa = PBXBuildFile; fileRef = A00000020000000000000123 /* HistoryViews.swift */; };
		A00000010000000000000124 /* PillAndSheets.swift in Sources */ = {isa = PBXBuildFile; fileRef = A00000020000000000000124 /* PillAndSheets.swift */; };
		A00000010000000000000005 /* ShellPreferences.swift in Sources */ = {isa = PBXBuildFile; fileRef = A00000020000000000000007 /* ShellPreferences.swift */; };
		A00000010000000000000006 /* KeyboardPermissionService.swift in Sources */ = {isa = PBXBuildFile; fileRef = A00000020000000000000008 /* KeyboardPermissionService.swift */; };
		A00000010000000000000007 /* MicrophonePermissionService.swift in Sources */ = {isa = PBXBuildFile; fileRef = A00000020000000000000009 /* MicrophonePermissionService.swift */; };
		A00000010000000000000008 /* ReadinessSnapshot.swift in Sources */ = {isa = PBXBuildFile; fileRef = A0000002000000000000000A /* ReadinessSnapshot.swift */; };
		A00000010000000000000009 /* ReadinessStore.swift in Sources */ = {isa = PBXBuildFile; fileRef = A0000002000000000000000B /* ReadinessStore.swift */; };
		A0000001000000000000000A /* PermissionChecklistView.swift in Sources */ = {isa = PBXBuildFile; fileRef = A0000002000000000000000C /* PermissionChecklistView.swift */; };
		A0000001000000000000000B /* RecoveryActions.swift in Sources */ = {isa = PBXBuildFile; fileRef = A0000002000000000000000D /* RecoveryActions.swift */; };
		A0000001000000000000000D /* PermissionServiceTests.swift in Sources */ = {isa = PBXBuildFile; fileRef = A0000002000000000000000F /* PermissionServiceTests.swift */; };
		A0000001000000000000000E /* ReadinessStateTests.swift in Sources */ = {isa = PBXBuildFile; fileRef = A00000020000000000000010 /* ReadinessStateTests.swift */; };
		A0000001000000000000000F /* MenuBarShellSmokeTests.swift in Sources */ = {isa = PBXBuildFile; fileRef = A00000020000000000000011 /* MenuBarShellSmokeTests.swift */; };
		A00000010000000000000010 /* PermissionRecoveryFlowTests.swift in Sources */ = {isa = PBXBuildFile; fileRef = A00000020000000000000012 /* PermissionRecoveryFlowTests.swift */; };
		A00000010000000000000011 /* ActivationStoreTests.swift in Sources */ = {isa = PBXBuildFile; fileRef = A00000020000000000000015 /* ActivationStoreTests.swift */; };
		A00000010000000000000012 /* ShellPreferencesPhase2Tests.swift in Sources */ = {isa = PBXBuildFile; fileRef = A00000020000000000000016 /* ShellPreferencesPhase2Tests.swift */; };
		A00000010000000000000013 /* ActivationStore.swift in Sources */ = {isa = PBXBuildFile; fileRef = A00000020000000000000017 /* ActivationStore.swift */; };
		A00000010000000000000014 /* RecordingState.swift in Sources */ = {isa = PBXBuildFile; fileRef = A00000020000000000000018 /* RecordingState.swift */; };
		A00000010000000000000015 /* HotkeyServiceTests.swift in Sources */ = {isa = PBXBuildFile; fileRef = A00000020000000000000019 /* HotkeyServiceTests.swift */; };
		A00000010000000000000016 /* KeyboardShortcuts in Frameworks */ = {isa = PBXBuildFile; productRef = A00000130000000000000001 /* KeyboardShortcuts */; };
		A00000010000000000000017 /* HotkeyService.swift in Sources */ = {isa = PBXBuildFile; fileRef = A0000002000000000000001A /* HotkeyService.swift */; };
		A00000010000000000000018 /* AudioCaptureServiceTests.swift in Sources */ = {isa = PBXBuildFile; fileRef = A0000002000000000000001B /* AudioCaptureServiceTests.swift */; };
		A00000010000000000000019 /* AudioCaptureService.swift in Sources */ = {isa = PBXBuildFile; fileRef = A0000002000000000000001C /* AudioCaptureService.swift */; };
		A0000001000000000000001A /* AudioLevelMonitor.swift in Sources */ = {isa = PBXBuildFile; fileRef = A0000002000000000000001D /* AudioLevelMonitor.swift */; };
		A0000001000000000000001B /* AudioDeviceServiceTests.swift in Sources */ = {isa = PBXBuildFile; fileRef = A0000002000000000000001E /* AudioDeviceServiceTests.swift */; };
		A0000001000000000000001C /* AudioDeviceService.swift in Sources */ = {isa = PBXBuildFile; fileRef = A0000002000000000000001F /* AudioDeviceService.swift */; };
		A0000001000000000000001D /* RecordingPillView.swift in Sources */ = {isa = PBXBuildFile; fileRef = A00000020000000000000020 /* RecordingPillView.swift */; };
		A0000001000000000000001E /* RecordingPillPanel.swift in Sources */ = {isa = PBXBuildFile; fileRef = A00000020000000000000021 /* RecordingPillPanel.swift */; };
		A0000001000000000000001F /* ObjCExceptionCatcher.m in Sources */ = {isa = PBXBuildFile; fileRef = A00000020000000000000023 /* ObjCExceptionCatcher.m */; };
		A00000010000000000000020 /* TranscriptionResult.swift in Sources */ = {isa = PBXBuildFile; fileRef = A00000020000000000000025 /* TranscriptionResult.swift */; };
		A00000010000000000000021 /* WhisperService.swift in Sources */ = {isa = PBXBuildFile; fileRef = A00000020000000000000026 /* WhisperService.swift */; };
		A00000010000000000000022 /* AudioBufferAccumulator.swift in Sources */ = {isa = PBXBuildFile; fileRef = A00000020000000000000027 /* AudioBufferAccumulator.swift */; };
		A00000010000000000000023 /* ClipboardService.swift in Sources */ = {isa = PBXBuildFile; fileRef = A00000020000000000000028 /* ClipboardService.swift */; };
		A00000010000000000000025 /* WhisperServiceTests.swift in Sources */ = {isa = PBXBuildFile; fileRef = A0000002000000000000002A /* WhisperServiceTests.swift */; };
		A00000010000000000000026 /* AudioBufferAccumulatorTests.swift in Sources */ = {isa = PBXBuildFile; fileRef = A0000002000000000000002B /* AudioBufferAccumulatorTests.swift */; };
		A00000010000000000000027 /* ClipboardServiceTests.swift in Sources */ = {isa = PBXBuildFile; fileRef = A0000002000000000000002C /* ClipboardServiceTests.swift */; };
		A0000001000000000000002A /* WhisperKit in Frameworks */ = {isa = PBXBuildFile; productRef = A00000130000000000000002 /* WhisperKit */; };
		A0000001000000000000002B /* WhisperModelChoice.swift in Sources */ = {isa = PBXBuildFile; fileRef = A0000002000000000000002F /* WhisperModelChoice.swift */; };
		A0000001000000000000002C /* ShellPreferencesModelTests.swift in Frameworks */ = {isa = PBXBuildFile; fileRef = A00000020000000000000030 /* ShellPreferencesModelTests.swift */; };
		A0000001000000000000002F /* Resources/Sounds/Tink.aiff in Resources */ = {isa = PBXBuildFile; fileRef = A00000020000000000000033 /* Resources/Sounds/Tink.aiff */; };
		A00000010000000000000030 /* Resources/Sounds/Glass.aiff in Resources */ = {isa = PBXBuildFile; fileRef = A00000020000000000000034 /* Resources/Sounds/Glass.aiff */; };
		A00000010000000000000031 /* Resources/Sounds/Basso.aiff in Resources */ = {isa = PBXBuildFile; fileRef = A00000020000000000000035 /* Resources/Sounds/Basso.aiff */; };
		A00000010000000000000032 /* PasteService.swift in Sources */ = {isa = PBXBuildFile; fileRef = A00000020000000000000036 /* PasteService.swift */; };
		A00000010000000000000033 /* PostEventPermissionService.swift in Sources */ = {isa = PBXBuildFile; fileRef = A00000020000000000000037 /* PostEventPermissionService.swift */; };
		A0000001000000000000003C /* LLMRewriteService.swift in Sources */ = {isa = PBXBuildFile; fileRef = A0000002000000000000003C /* LLMRewriteService.swift */; };
		A0000001000000000000003D /* LLMRewriteServiceTests.swift in Sources */ = {isa = PBXBuildFile; fileRef = A0000002000000000000003D /* LLMRewriteServiceTests.swift */; };
		A0000001000000000000003E /* LLMRewriteServiceIntegrationTests.swift in Sources */ = {isa = PBXBuildFile; fileRef = A0000002000000000000003E /* LLMRewriteServiceIntegrationTests.swift */; };
		A00000010000000000000049 /* TriggerProfile.swift in Sources */ = {isa = PBXBuildFile; fileRef = A00000020000000000000049 /* TriggerProfile.swift */; };
		A00000010000000000000100 /* WordReplacement.swift in Sources */ = {isa = PBXBuildFile; fileRef = A00000020000000000000100 /* WordReplacement.swift */; };
		A00000010000000000000102 /* TextReplacementEngine.swift in Sources */ = {isa = PBXBuildFile; fileRef = A00000020000000000000102 /* TextReplacementEngine.swift */; };
		A00000010000000000000103 /* DictionaryStore.swift in Sources */ = {isa = PBXBuildFile; fileRef = A00000020000000000000103 /* DictionaryStore.swift */; };
		A00000010000000000000104 /* DictionarySettingsView.swift in Sources */ = {isa = PBXBuildFile; fileRef = A00000020000000000000104 /* DictionarySettingsView.swift */; };
		A00000010000000000000105 /* TextReplacementEngineTests.swift in Sources */ = {isa = PBXBuildFile; fileRef = A00000020000000000000105 /* TextReplacementEngineTests.swift */; };
		A00000010000000000000106 /* DictionaryStoreTests.swift in Sources */ = {isa = PBXBuildFile; fileRef = A00000020000000000000106 /* DictionaryStoreTests.swift */; };
		A0000001000000000000004A /* TriggerProfileStore.swift in Sources */ = {isa = PBXBuildFile; fileRef = A0000002000000000000004A /* TriggerProfileStore.swift */; };
		A0000001000000000000004B /* TriggerProfileStoreTests.swift in Sources */ = {isa = PBXBuildFile; fileRef = A0000002000000000000004B /* TriggerProfileStoreTests.swift */; };
		A00000010000000000000050 /* TriggerTranscriptParserTests.swift in Sources */ = {isa = PBXBuildFile; fileRef = A00000020000000000000050 /* TriggerTranscriptParserTests.swift */; };
		A00000010000000000000051 /* TriggerTranscriptParser.swift in Sources */ = {isa = PBXBuildFile; fileRef = A00000020000000000000051 /* TriggerTranscriptParser.swift */; };
		A00000010000000000000052 /* TriggerTranscriptSplit.swift in Sources */ = {isa = PBXBuildFile; fileRef = A00000020000000000000052 /* TriggerTranscriptSplit.swift */; };
		A00000010000000000000053 /* AIAssistantSettingsViewModelTests.swift in Sources */ = {isa = PBXBuildFile; fileRef = A00000020000000000000053 /* AIAssistantSettingsViewModelTests.swift */; };
		A00000010000000000000055 /* AIAssistantSettingsView.swift in Sources */ = {isa = PBXBuildFile; fileRef = A00000020000000000000055 /* AIAssistantSettingsView.swift */; };
		A00000010000000000000057 /* AIAssistantSettingsFlowTests.swift in Sources */ = {isa = PBXBuildFile; fileRef = A00000020000000000000057 /* AIAssistantSettingsFlowTests.swift */; };
		A00000010000000000000058 /* LiveCalibrationSampleCapturer.swift in Sources */ = {isa = PBXBuildFile; fileRef = A00000020000000000000058 /* LiveCalibrationSampleCapturer.swift */; };
		A00000010000000000000059 /* RewriteModelTier.swift in Sources */ = {isa = PBXBuildFile; fileRef = A00000020000000000000059 /* RewriteModelTier.swift */; };
		A00000010000000000000060 /* RewriteModelLoadState.swift in Sources */ = {isa = PBXBuildFile; fileRef = A00000020000000000000060 /* RewriteModelLoadState.swift */; };
		A00000010000000000000065 /* StoreURLResolver.swift in Sources */ = {isa = PBXBuildFile; fileRef = A00000020000000000000061 /* StoreURLResolver.swift */; };
		A00000010000000000000066 /* StoreQuarantine.swift in Sources */ = {isa = PBXBuildFile; fileRef = A00000020000000000000062 /* StoreQuarantine.swift */; };
		A00000010000000000000067 /* HoldKeyDisplayFormatter.swift in Sources */ = {isa = PBXBuildFile; fileRef = A00000020000000000000063 /* HoldKeyDisplayFormatter.swift */; };
		A00000010000000000000068 /* HoldKeyDisplayFormatterTests.swift in Sources */ = {isa = PBXBuildFile; fileRef = A00000020000000000000064 /* HoldKeyDisplayFormatterTests.swift */; };
		A00000010000000000000074 /* CloudLLMProvider.swift in Sources */ = {isa = PBXBuildFile; fileRef = A00000020000000000000070 /* CloudLLMProvider.swift */; };
		A00000010000000000000075 /* CloudLLMRewriteService.swift in Sources */ = {isa = PBXBuildFile; fileRef = A00000020000000000000071 /* CloudLLMRewriteService.swift */; };
		A00000010000000000000076 /* CloudModelListService.swift in Sources */ = {isa = PBXBuildFile; fileRef = A00000020000000000000072 /* CloudModelListService.swift */; };
		A00000010000000000000077 /* CloudLLMKeychain.swift in Sources */ = {isa = PBXBuildFile; fileRef = A00000020000000000000073 /* CloudLLMKeychain.swift */; };
		A00000010000000000000078 /* CloudLLMTests.swift in Sources */ = {isa = PBXBuildFile; fileRef = A00000020000000000000078 /* CloudLLMTests.swift */; };
		A00000010000000000000079 /* ExternalTextSourceClassifier.swift in Sources */ = {isa = PBXBuildFile; fileRef = A00000020000000000000079 /* ExternalTextSourceClassifier.swift */; };
		A00000010000000000000080 /* ExternalTextPromptBuilder.swift in Sources */ = {isa = PBXBuildFile; fileRef = A00000020000000000000080 /* ExternalTextPromptBuilder.swift */; };
		A00000010000000000000081 /* StatusMenuController.swift in Sources */ = {isa = PBXBuildFile; fileRef = A00000020000000000000081 /* StatusMenuController.swift */; };
		A00000010000000000000082 /* ShortcutBindingPolicy.swift in Sources */ = {isa = PBXBuildFile; fileRef = A00000020000000000000082 /* ShortcutBindingPolicy.swift */; };
		A00000010000000000000083 /* ShortcutBindingPolicyTests.swift in Sources */ = {isa = PBXBuildFile; fileRef = A00000020000000000000083 /* ShortcutBindingPolicyTests.swift */; };
		A00000010000000000000085 /* RewritePipelineBenchmarkTests.swift in Sources */ = {isa = PBXBuildFile; fileRef = A00000020000000000000085 /* RewritePipelineBenchmarkTests.swift */; };
		A00000010000000000000084 /* GuideWindowView.swift in Sources */ = {isa = PBXBuildFile; fileRef = A00000020000000000000084 /* GuideWindowView.swift */; };
		A000000100000000000000F1 /* AssistantDefaults.swift in Sources */ = {isa = PBXBuildFile; fileRef = A000000200000000000000F1 /* AssistantDefaults.swift */; };
		A00000010000000000000116 /* ActivationSupport.swift in Sources */ = {isa = PBXBuildFile; fileRef = A00000020000000000000116 /* ActivationSupport.swift */; };
		A00000010000000000000117 /* ActivationStore+Notes.swift in Sources */ = {isa = PBXBuildFile; fileRef = A00000020000000000000117 /* ActivationStore+Notes.swift */; };
		A00000010000000000000118 /* ActivationStore+Models.swift in Sources */ = {isa = PBXBuildFile; fileRef = A00000020000000000000118 /* ActivationStore+Models.swift */; };
		A00000010000000000000119 /* ActivationStore+Rewrite.swift in Sources */ = {isa = PBXBuildFile; fileRef = A00000020000000000000119 /* ActivationStore+Rewrite.swift */; };
		A000000100000000000000FF /* Assets.xcassets in Resources */ = {isa = PBXBuildFile; fileRef = A000000200000000000000FF /* Assets.xcassets */; };
		A00000010000000000000107 /* MicProbeMonitor.swift in Sources */ = {isa = PBXBuildFile; fileRef = A00000020000000000000107 /* MicProbeMonitor.swift */; };
		A00000010000000000000108 /* MicProbeMonitorTests.swift in Sources */ = {isa = PBXBuildFile; fileRef = A00000020000000000000108 /* MicProbeMonitorTests.swift */; };
		A00000010000000000000109 /* MicPriorityPicker.swift in Sources */ = {isa = PBXBuildFile; fileRef = A00000020000000000000109 /* MicPriorityPicker.swift */; };
/* End PBXBuildFile section */

/* Begin PBXContainerItemProxy section */
		A00000110000000000000001 /* PBXContainerItemProxy */ = {
			isa = PBXContainerItemProxy;
			containerPortal = A00000080000000000000001 /* Project object */;
			proxyType = 1;
			remoteGlobalIDString = A00000050000000000000001;
			remoteInfo = TypeLessBuddy;
		};
		A00000110000000000000002 /* PBXContainerItemProxy */ = {
			isa = PBXContainerItemProxy;
			containerPortal = A00000080000000000000001 /* Project object */;
			proxyType = 1;
			remoteGlobalIDString = A00000050000000000000001;
			remoteInfo = TypeLessBuddy;
		};
/* End PBXContainerItemProxy section */

/* Begin PBXFileReference section */
		A0000002000000000000010A /* AssistantNoteIntentClassifier.swift */ = {isa = PBXFileReference; lastKnownFileType = sourcecode.swift; path = AssistantNoteIntentClassifier.swift; sourceTree = "<group>"; };
		A0000002000000000000010B /* ReplacementPackCatalog.swift */ = {isa = PBXFileReference; lastKnownFileType = sourcecode.swift; path = ReplacementPackCatalog.swift; sourceTree = "<group>"; };
		A0000002000000000000010C /* ReplacementPackService.swift */ = {isa = PBXFileReference; lastKnownFileType = sourcecode.swift; path = ReplacementPackService.swift; sourceTree = "<group>"; };
		A00000020000000000000131 /* SystemRAMProfile.swift */ = {isa = PBXFileReference; lastKnownFileType = sourcecode.swift; path = SystemRAMProfile.swift; sourceTree = "<group>"; };
		A00000020000000000000132 /* RewriteModelLimits.swift */ = {isa = PBXFileReference; lastKnownFileType = sourcecode.swift; path = RewriteModelLimits.swift; sourceTree = "<group>"; };
		A0000002000000000000010D /* HistoryCaptureService.swift */ = {isa = PBXFileReference; lastKnownFileType = sourcecode.swift; path = HistoryCaptureService.swift; sourceTree = "<group>"; };
		A0000002000000000000010E /* NoteCaptureService.swift */ = {isa = PBXFileReference; lastKnownFileType = sourcecode.swift; path = NoteCaptureService.swift; sourceTree = "<group>"; };
		A0000002000000000000010F /* AssistantNoteIntentClassifierTests.swift */ = {isa = PBXFileReference; lastKnownFileType = sourcecode.swift; path = AssistantNoteIntentClassifierTests.swift; sourceTree = "<group>"; };
		A00000020000000000000110 /* ExternalTextPromptBuilderTests.swift */ = {isa = PBXFileReference; lastKnownFileType = sourcecode.swift; path = ExternalTextPromptBuilderTests.swift; sourceTree = "<group>"; };
		A00000020000000000000111 /* ExternalTextSourceClassifierTests.swift */ = {isa = PBXFileReference; lastKnownFileType = sourcecode.swift; path = ExternalTextSourceClassifierTests.swift; sourceTree = "<group>"; };
		A00000020000000000000112 /* HistoryCaptureServiceTests.swift */ = {isa = PBXFileReference; lastKnownFileType = sourcecode.swift; path = HistoryCaptureServiceTests.swift; sourceTree = "<group>"; };
		A00000020000000000000113 /* NoteCaptureServiceTests.swift */ = {isa = PBXFileReference; lastKnownFileType = sourcecode.swift; path = NoteCaptureServiceTests.swift; sourceTree = "<group>"; };
		A00000020000000000000114 /* ReplacementPackCatalogTests.swift */ = {isa = PBXFileReference; lastKnownFileType = sourcecode.swift; path = ReplacementPackCatalogTests.swift; sourceTree = "<group>"; };
		A00000020000000000000115 /* ReplacementPackServiceTests.swift */ = {isa = PBXFileReference; lastKnownFileType = sourcecode.swift; path = ReplacementPackServiceTests.swift; sourceTree = "<group>"; };
		A00000020000000000000133 /* RewriteModelLimitsTests.swift */ = {isa = PBXFileReference; lastKnownFileType = sourcecode.swift; path = RewriteModelLimitsTests.swift; sourceTree = "<group>"; };
		A00000020000000000000134 /* RewriteContextLengthIntegrationTests.swift */ = {isa = PBXFileReference; lastKnownFileType = sourcecode.swift; path = RewriteContextLengthIntegrationTests.swift; sourceTree = "<group>"; };
		A00000020000000000000001 /* TypeLessBuddyApp.swift */ = {isa = PBXFileReference; lastKnownFileType = sourcecode.swift; path = TypeLessBuddyApp.swift; sourceTree = "<group>"; };
		A00000020000000000000002 /* AppDelegate.swift */ = {isa = PBXFileReference; lastKnownFileType = sourcecode.swift; path = AppDelegate.swift; sourceTree = "<group>"; };
		A00000020000000000000003 /* Info.plist */ = {isa = PBXFileReference; lastKnownFileType = text.plist.xml; path = Info.plist; sourceTree = "<group>"; };
		A00000020000000000000004 /* TypeLessBuddy.app */ = {isa = PBXFileReference; explicitFileType = wrapper.application; includeInIndex = 0; path = TypeLessBuddy.app; sourceTree = BUILT_PRODUCTS_DIR; };
		A00000020000000000000006 /* SetupWindowView.swift */ = {isa = PBXFileReference; lastKnownFileType = sourcecode.swift; path = SetupWindowView.swift; sourceTree = "<group>"; };
		A00000020000000000000125 /* CloudLLMSettingsViewModel.swift */ = {isa = PBXFileReference; lastKnownFileType = sourcecode.swift; path = CloudLLMSettingsViewModel.swift; sourceTree = "<group>"; };
		A00000020000000000000126 /* CloudLLMSettingsSectionView.swift */ = {isa = PBXFileReference; lastKnownFileType = sourcecode.swift; path = CloudLLMSettingsSectionView.swift; sourceTree = "<group>"; };
		A00000020000000000000127 /* HistorySettingsViewModel.swift */ = {isa = PBXFileReference; lastKnownFileType = sourcecode.swift; path = HistorySettingsViewModel.swift; sourceTree = "<group>"; };
		A00000020000000000000128 /* SetupWindowView+ModelStatus.swift */ = {isa = PBXFileReference; lastKnownFileType = sourcecode.swift; path = "SetupWindowView+ModelStatus.swift"; sourceTree = "<group>"; };
		A00000020000000000000129 /* SetupWindowView+Onboarding.swift */ = {isa = PBXFileReference; lastKnownFileType = sourcecode.swift; path = "SetupWindowView+Onboarding.swift"; sourceTree = "<group>"; };
		A00000020000000000000130 /* SetupWindowView+Sections.swift */ = {isa = PBXFileReference; lastKnownFileType = sourcecode.swift; path = "SetupWindowView+Sections.swift"; sourceTree = "<group>"; };
		A00000020000000000000135 /* SetupWindowView+Tryout.swift */ = {isa = PBXFileReference; lastKnownFileType = sourcecode.swift; path = "SetupWindowView+Tryout.swift"; sourceTree = "<group>"; };
		A00000020000000000000136 /* AccessibilityToggleIllustration.swift */ = {isa = PBXFileReference; lastKnownFileType = sourcecode.swift; path = AccessibilityToggleIllustration.swift; sourceTree = "<group>"; };
		A00000020000000000000120 /* ShortcutRecorders.swift */ = {isa = PBXFileReference; lastKnownFileType = sourcecode.swift; path = ShortcutRecorders.swift; sourceTree = "<group>"; };
		A00000020000000000000121 /* SettingsComponents.swift */ = {isa = PBXFileReference; lastKnownFileType = sourcecode.swift; path = SettingsComponents.swift; sourceTree = "<group>"; };
		A00000020000000000000122 /* OnboardingComponents.swift */ = {isa = PBXFileReference; lastKnownFileType = sourcecode.swift; path = OnboardingComponents.swift; sourceTree = "<group>"; };
		A00000020000000000000123 /* HistoryViews.swift */ = {isa = PBXFileReference; lastKnownFileType = sourcecode.swift; path = HistoryViews.swift; sourceTree = "<group>"; };
		A00000020000000000000124 /* PillAndSheets.swift */ = {isa = PBXFileReference; lastKnownFileType = sourcecode.swift; path = PillAndSheets.swift; sourceTree = "<group>"; };
		A00000020000000000000007 /* ShellPreferences.swift */ = {isa = PBXFileReference; lastKnownFileType = sourcecode.swift; path = ShellPreferences.swift; sourceTree = "<group>"; };
		A00000020000000000000008 /* KeyboardPermissionService.swift */ = {isa = PBXFileReference; lastKnownFileType = sourcecode.swift; path = KeyboardPermissionService.swift; sourceTree = "<group>"; };
		A00000020000000000000009 /* MicrophonePermissionService.swift */ = {isa = PBXFileReference; lastKnownFileType = sourcecode.swift; path = MicrophonePermissionService.swift; sourceTree = "<group>"; };
		A0000002000000000000000A /* ReadinessSnapshot.swift */ = {isa = PBXFileReference; lastKnownFileType = sourcecode.swift; path = ReadinessSnapshot.swift; sourceTree = "<group>"; };
		A0000002000000000000000B /* ReadinessStore.swift */ = {isa = PBXFileReference; lastKnownFileType = sourcecode.swift; path = ReadinessStore.swift; sourceTree = "<group>"; };
		A0000002000000000000000C /* PermissionChecklistView.swift */ = {isa = PBXFileReference; lastKnownFileType = sourcecode.swift; path = PermissionChecklistView.swift; sourceTree = "<group>"; };
		A0000002000000000000000D /* RecoveryActions.swift */ = {isa = PBXFileReference; lastKnownFileType = sourcecode.swift; path = RecoveryActions.swift; sourceTree = "<group>"; };
		A0000002000000000000000F /* PermissionServiceTests.swift */ = {isa = PBXFileReference; lastKnownFileType = sourcecode.swift; path = PermissionServiceTests.swift; sourceTree = "<group>"; };
		A00000020000000000000010 /* ReadinessStateTests.swift */ = {isa = PBXFileReference; lastKnownFileType = sourcecode.swift; path = ReadinessStateTests.swift; sourceTree = "<group>"; };
		A00000020000000000000011 /* MenuBarShellSmokeTests.swift */ = {isa = PBXFileReference; lastKnownFileType = sourcecode.swift; path = MenuBarShellSmokeTests.swift; sourceTree = "<group>"; };
		A00000020000000000000012 /* PermissionRecoveryFlowTests.swift */ = {isa = PBXFileReference; lastKnownFileType = sourcecode.swift; path = PermissionRecoveryFlowTests.swift; sourceTree = "<group>"; };
		A00000020000000000000013 /* TypeLessBuddyTests.xctest */ = {isa = PBXFileReference; explicitFileType = wrapper.cfbundle; includeInIndex = 0; path = TypeLessBuddyTests.xctest; sourceTree = BUILT_PRODUCTS_DIR; };
		A00000020000000000000014 /* TypeLessBuddyUITests.xctest */ = {isa = PBXFileReference; explicitFileType = wrapper.cfbundle; includeInIndex = 0; path = TypeLessBuddyUITests.xctest; sourceTree = BUILT_PRODUCTS_DIR; };
		A00000020000000000000015 /* ActivationStoreTests.swift */ = {isa = PBXFileReference; lastKnownFileType = sourcecode.swift; path = ActivationStoreTests.swift; sourceTree = "<group>"; };
		A00000020000000000000016 /* ShellPreferencesPhase2Tests.swift */ = {isa = PBXFileReference; lastKnownFileType = sourcecode.swift; path = ShellPreferencesPhase2Tests.swift; sourceTree = "<group>"; };
		A00000020000000000000017 /* ActivationStore.swift */ = {isa = PBXFileReference; lastKnownFileType = sourcecode.swift; path = ActivationStore.swift; sourceTree = "<group>"; };
		A00000020000000000000018 /* RecordingState.swift */ = {isa = PBXFileReference; lastKnownFileType = sourcecode.swift; path = RecordingState.swift; sourceTree = "<group>"; };
		A00000020000000000000019 /* HotkeyServiceTests.swift */ = {isa = PBXFileReference; lastKnownFileType = sourcecode.swift; path = HotkeyServiceTests.swift; sourceTree = "<group>"; };
		A0000002000000000000001A /* HotkeyService.swift */ = {isa = PBXFileReference; lastKnownFileType = sourcecode.swift; path = HotkeyService.swift; sourceTree = "<group>"; };
		A0000002000000000000001B /* AudioCaptureServiceTests.swift */ = {isa = PBXFileReference; lastKnownFileType = sourcecode.swift; path = AudioCaptureServiceTests.swift; sourceTree = "<group>"; };
		A0000002000000000000001C /* AudioCaptureService.swift */ = {isa = PBXFileReference; lastKnownFileType = sourcecode.swift; path = AudioCaptureService.swift; sourceTree = "<group>"; };
		A0000002000000000000001D /* AudioLevelMonitor.swift */ = {isa = PBXFileReference; lastKnownFileType = sourcecode.swift; path = AudioLevelMonitor.swift; sourceTree = "<group>"; };
		A0000002000000000000001E /* AudioDeviceServiceTests.swift */ = {isa = PBXFileReference; lastKnownFileType = sourcecode.swift; path = AudioDeviceServiceTests.swift; sourceTree = "<group>"; };
		A0000002000000000000001F /* AudioDeviceService.swift */ = {isa = PBXFileReference; lastKnownFileType = sourcecode.swift; path = AudioDeviceService.swift; sourceTree = "<group>"; };
		A00000020000000000000020 /* RecordingPillView.swift */ = {isa = PBXFileReference; lastKnownFileType = sourcecode.swift; path = RecordingPillView.swift; sourceTree = "<group>"; };
		A00000020000000000000021 /* RecordingPillPanel.swift */ = {isa = PBXFileReference; lastKnownFileType = sourcecode.swift; path = RecordingPillPanel.swift; sourceTree = "<group>"; };
		A00000020000000000000022 /* ObjCExceptionCatcher.h */ = {isa = PBXFileReference; lastKnownFileType = sourcecode.c.h; path = ObjCExceptionCatcher.h; sourceTree = "<group>"; };
		A00000020000000000000023 /* ObjCExceptionCatcher.m */ = {isa = PBXFileReference; lastKnownFileType = sourcecode.c.objc; path = ObjCExceptionCatcher.m; sourceTree = "<group>"; };
		A00000020000000000000024 /* TypeLessBuddy-Bridging-Header.h */ = {isa = PBXFileReference; lastKnownFileType = sourcecode.c.h; path = "TypeLessBuddy-Bridging-Header.h"; sourceTree = "<group>"; };
		A00000020000000000000025 /* TranscriptionResult.swift */ = {isa = PBXFileReference; lastKnownFileType = sourcecode.swift; path = TranscriptionResult.swift; sourceTree = "<group>"; };
		A00000020000000000000026 /* WhisperService.swift */ = {isa = PBXFileReference; lastKnownFileType = sourcecode.swift; path = WhisperService.swift; sourceTree = "<group>"; };
		A00000020000000000000027 /* AudioBufferAccumulator.swift */ = {isa = PBXFileReference; lastKnownFileType = sourcecode.swift; path = AudioBufferAccumulator.swift; sourceTree = "<group>"; };
		A00000020000000000000028 /* ClipboardService.swift */ = {isa = PBXFileReference; lastKnownFileType = sourcecode.swift; path = ClipboardService.swift; sourceTree = "<group>"; };
		A0000002000000000000002A /* WhisperServiceTests.swift */ = {isa = PBXFileReference; lastKnownFileType = sourcecode.swift; path = WhisperServiceTests.swift; sourceTree = "<group>"; };
		A0000002000000000000002B /* AudioBufferAccumulatorTests.swift */ = {isa = PBXFileReference; lastKnownFileType = sourcecode.swift; path = AudioBufferAccumulatorTests.swift; sourceTree = "<group>"; };
		A0000002000000000000002C /* ClipboardServiceTests.swift */ = {isa = PBXFileReference; lastKnownFileType = sourcecode.swift; path = ClipboardServiceTests.swift; sourceTree = "<group>"; };
		A0000002000000000000002F /* WhisperModelChoice.swift */ = {isa = PBXFileReference; lastKnownFileType = sourcecode.swift; path = WhisperModelChoice.swift; sourceTree = "<group>"; };
		A00000020000000000000030 /* ShellPreferencesModelTests.swift */ = {isa = PBXFileReference; lastKnownFileType = sourcecode.swift; path = ShellPreferencesModelTests.swift; sourceTree = "<group>"; };
		A00000020000000000000033 /* Resources/Sounds/Tink.aiff */ = {isa = PBXFileReference; lastKnownFileType = audio.aiff; path = Resources/Sounds/Tink.aiff; sourceTree = "<group>"; };
		A00000020000000000000034 /* Resources/Sounds/Glass.aiff */ = {isa = PBXFileReference; lastKnownFileType = audio.aiff; path = Resources/Sounds/Glass.aiff; sourceTree = "<group>"; };
		A00000020000000000000035 /* Resources/Sounds/Basso.aiff */ = {isa = PBXFileReference; lastKnownFileType = audio.aiff; path = Resources/Sounds/Basso.aiff; sourceTree = "<group>"; };
		A00000020000000000000036 /* PasteService.swift */ = {isa = PBXFileReference; lastKnownFileType = sourcecode.swift; path = PasteService.swift; sourceTree = "<group>"; };
		A00000020000000000000037 /* PostEventPermissionService.swift */ = {isa = PBXFileReference; lastKnownFileType = sourcecode.swift; path = PostEventPermissionService.swift; sourceTree = "<group>"; };
		A0000002000000000000003C /* LLMRewriteService.swift */ = {isa = PBXFileReference; lastKnownFileType = sourcecode.swift; path = LLMRewriteService.swift; sourceTree = "<group>"; };
		A0000002000000000000003D /* LLMRewriteServiceTests.swift */ = {isa = PBXFileReference; lastKnownFileType = sourcecode.swift; path = LLMRewriteServiceTests.swift; sourceTree = "<group>"; };
		A0000002000000000000003E /* LLMRewriteServiceIntegrationTests.swift */ = {isa = PBXFileReference; lastKnownFileType = sourcecode.swift; path = LLMRewriteServiceIntegrationTests.swift; sourceTree = "<group>"; };
		A00000020000000000000049 /* TriggerProfile.swift */ = {isa = PBXFileReference; lastKnownFileType = sourcecode.swift; path = TriggerProfile.swift; sourceTree = "<group>"; };
		A00000020000000000000100 /* WordReplacement.swift */ = {isa = PBXFileReference; lastKnownFileType = sourcecode.swift; path = WordReplacement.swift; sourceTree = "<group>"; };
		A00000020000000000000102 /* TextReplacementEngine.swift */ = {isa = PBXFileReference; lastKnownFileType = sourcecode.swift; path = TextReplacementEngine.swift; sourceTree = "<group>"; };
		A00000020000000000000103 /* DictionaryStore.swift */ = {isa = PBXFileReference; lastKnownFileType = sourcecode.swift; path = DictionaryStore.swift; sourceTree = "<group>"; };
		A00000020000000000000104 /* DictionarySettingsView.swift */ = {isa = PBXFileReference; lastKnownFileType = sourcecode.swift; path = DictionarySettingsView.swift; sourceTree = "<group>"; };
		A00000020000000000000105 /* TextReplacementEngineTests.swift */ = {isa = PBXFileReference; lastKnownFileType = sourcecode.swift; path = TextReplacementEngineTests.swift; sourceTree = "<group>"; };
		A00000020000000000000106 /* DictionaryStoreTests.swift */ = {isa = PBXFileReference; lastKnownFileType = sourcecode.swift; path = DictionaryStoreTests.swift; sourceTree = "<group>"; };
		A0000002000000000000004A /* TriggerProfileStore.swift */ = {isa = PBXFileReference; lastKnownFileType = sourcecode.swift; path = TriggerProfileStore.swift; sourceTree = "<group>"; };
		A0000002000000000000004B /* TriggerProfileStoreTests.swift */ = {isa = PBXFileReference; lastKnownFileType = sourcecode.swift; path = TriggerProfileStoreTests.swift; sourceTree = "<group>"; };
		A00000020000000000000050 /* TriggerTranscriptParserTests.swift */ = {isa = PBXFileReference; lastKnownFileType = sourcecode.swift; path = TriggerTranscriptParserTests.swift; sourceTree = "<group>"; };
		A00000020000000000000051 /* TriggerTranscriptParser.swift */ = {isa = PBXFileReference; lastKnownFileType = sourcecode.swift; path = TriggerTranscriptParser.swift; sourceTree = "<group>"; };
		A00000020000000000000052 /* TriggerTranscriptSplit.swift */ = {isa = PBXFileReference; lastKnownFileType = sourcecode.swift; path = TriggerTranscriptSplit.swift; sourceTree = "<group>"; };
		A00000020000000000000053 /* AIAssistantSettingsViewModelTests.swift */ = {isa = PBXFileReference; lastKnownFileType = sourcecode.swift; path = AIAssistantSettingsViewModelTests.swift; sourceTree = "<group>"; };
		A00000020000000000000055 /* AIAssistantSettingsView.swift */ = {isa = PBXFileReference; lastKnownFileType = sourcecode.swift; path = AIAssistantSettingsView.swift; sourceTree = "<group>"; };
		A00000020000000000000057 /* AIAssistantSettingsFlowTests.swift */ = {isa = PBXFileReference; lastKnownFileType = sourcecode.swift; path = AIAssistantSettingsFlowTests.swift; sourceTree = "<group>"; };
		A00000020000000000000058 /* LiveCalibrationSampleCapturer.swift */ = {isa = PBXFileReference; lastKnownFileType = sourcecode.swift; path = LiveCalibrationSampleCapturer.swift; sourceTree = "<group>"; };
		A00000020000000000000059 /* RewriteModelTier.swift */ = {isa = PBXFileReference; lastKnownFileType = sourcecode.swift; path = RewriteModelTier.swift; sourceTree = "<group>"; };
		A00000020000000000000060 /* RewriteModelLoadState.swift */ = {isa = PBXFileReference; lastKnownFileType = sourcecode.swift; path = RewriteModelLoadState.swift; sourceTree = "<group>"; };
		A00000020000000000000061 /* StoreURLResolver.swift */ = {isa = PBXFileReference; lastKnownFileType = sourcecode.swift; path = StoreURLResolver.swift; sourceTree = "<group>"; };
		A00000020000000000000062 /* StoreQuarantine.swift */ = {isa = PBXFileReference; lastKnownFileType = sourcecode.swift; path = StoreQuarantine.swift; sourceTree = "<group>"; };
		A00000020000000000000063 /* HoldKeyDisplayFormatter.swift */ = {isa = PBXFileReference; lastKnownFileType = sourcecode.swift; path = HoldKeyDisplayFormatter.swift; sourceTree = "<group>"; };
		A00000020000000000000064 /* HoldKeyDisplayFormatterTests.swift */ = {isa = PBXFileReference; lastKnownFileType = sourcecode.swift; path = HoldKeyDisplayFormatterTests.swift; sourceTree = "<group>"; };
		A00000020000000000000070 /* CloudLLMProvider.swift */ = {isa = PBXFileReference; lastKnownFileType = sourcecode.swift; path = CloudLLMProvider.swift; sourceTree = "<group>"; };
		A00000020000000000000071 /* CloudLLMRewriteService.swift */ = {isa = PBXFileReference; lastKnownFileType = sourcecode.swift; path = CloudLLMRewriteService.swift; sourceTree = "<group>"; };
		A00000020000000000000072 /* CloudModelListService.swift */ = {isa = PBXFileReference; lastKnownFileType = sourcecode.swift; path = CloudModelListService.swift; sourceTree = "<group>"; };
		A00000020000000000000073 /* CloudLLMKeychain.swift */ = {isa = PBXFileReference; lastKnownFileType = sourcecode.swift; path = CloudLLMKeychain.swift; sourceTree = "<group>"; };
		A00000020000000000000078 /* CloudLLMTests.swift */ = {isa = PBXFileReference; lastKnownFileType = sourcecode.swift; path = CloudLLMTests.swift; sourceTree = "<group>"; };
		A00000020000000000000079 /* ExternalTextSourceClassifier.swift */ = {isa = PBXFileReference; lastKnownFileType = sourcecode.swift; path = ExternalTextSourceClassifier.swift; sourceTree = "<group>"; };
		A00000020000000000000080 /* ExternalTextPromptBuilder.swift */ = {isa = PBXFileReference; lastKnownFileType = sourcecode.swift; path = ExternalTextPromptBuilder.swift; sourceTree = "<group>"; };
		A00000020000000000000081 /* StatusMenuController.swift */ = {isa = PBXFileReference; lastKnownFileType = sourcecode.swift; path = StatusMenuController.swift; sourceTree = "<group>"; };
		A00000020000000000000082 /* ShortcutBindingPolicy.swift */ = {isa = PBXFileReference; lastKnownFileType = sourcecode.swift; path = ShortcutBindingPolicy.swift; sourceTree = "<group>"; };
		A00000020000000000000083 /* ShortcutBindingPolicyTests.swift */ = {isa = PBXFileReference; lastKnownFileType = sourcecode.swift; path = ShortcutBindingPolicyTests.swift; sourceTree = "<group>"; };
		A00000020000000000000085 /* RewritePipelineBenchmarkTests.swift */ = {isa = PBXFileReference; lastKnownFileType = sourcecode.swift; path = RewritePipelineBenchmarkTests.swift; sourceTree = "<group>"; };
		A00000020000000000000084 /* GuideWindowView.swift */ = {isa = PBXFileReference; lastKnownFileType = sourcecode.swift; path = GuideWindowView.swift; sourceTree = "<group>"; };
		A000000200000000000000F1 /* AssistantDefaults.swift */ = {isa = PBXFileReference; lastKnownFileType = sourcecode.swift; path = AssistantDefaults.swift; sourceTree = "<group>"; };
		A00000020000000000000116 /* ActivationSupport.swift */ = {isa = PBXFileReference; lastKnownFileType = sourcecode.swift; path = ActivationSupport.swift; sourceTree = "<group>"; };
		A00000020000000000000117 /* ActivationStore+Notes.swift */ = {isa = PBXFileReference; lastKnownFileType = sourcecode.swift; path = "ActivationStore+Notes.swift"; sourceTree = "<group>"; };
		A00000020000000000000118 /* ActivationStore+Models.swift */ = {isa = PBXFileReference; lastKnownFileType = sourcecode.swift; path = "ActivationStore+Models.swift"; sourceTree = "<group>"; };
		A00000020000000000000119 /* ActivationStore+Rewrite.swift */ = {isa = PBXFileReference; lastKnownFileType = sourcecode.swift; path = "ActivationStore+Rewrite.swift"; sourceTree = "<group>"; };
		A000000200000000000000FF /* Assets.xcassets */ = {isa = PBXFileReference; lastKnownFileType = folder.assetcatalog; path = Assets.xcassets; sourceTree = "<group>"; };
		A00000020000000000000107 /* MicProbeMonitor.swift */ = {isa = PBXFileReference; lastKnownFileType = sourcecode.swift; path = MicProbeMonitor.swift; sourceTree = "<group>"; };
		A00000020000000000000108 /* MicProbeMonitorTests.swift */ = {isa = PBXFileReference; lastKnownFileType = sourcecode.swift; path = MicProbeMonitorTests.swift; sourceTree = "<group>"; };
		A00000020000000000000109 /* MicPriorityPicker.swift */ = {isa = PBXFileReference; lastKnownFileType = sourcecode.swift; path = MicPriorityPicker.swift; sourceTree = "<group>"; };
/* End PBXFileReference section */

/* Begin PBXFrameworksBuildPhase section */
		A00000030000000000000001 /* Frameworks */ = {
			isa = PBXFrameworksBuildPhase;
			buildActionMask = 2147483647;
			files = (
				933C00432F6C862500B5BB12 /* MLXLMCommon in Frameworks */,
				933C00422F6C862500B5BB12 /* MLXLLM in Frameworks */,
				A00000010000000000000016 /* KeyboardShortcuts in Frameworks */,
				A0000001000000000000002A /* WhisperKit in Frameworks */,
				933C00412F6C862500B5BB12 /* WhisperModelChoice.swift in Frameworks */,
				A0000001000000000000002C /* ShellPreferencesModelTests.swift in Frameworks */,
			);
			runOnlyForDeploymentPostprocessing = 0;
		};
		A00000030000000000000002 /* Frameworks */ = {
			isa = PBXFrameworksBuildPhase;
			buildActionMask = 2147483647;
			files = (
			);
			runOnlyForDeploymentPostprocessing = 0;
		};
		A00000030000000000000003 /* Frameworks */ = {
			isa = PBXFrameworksBuildPhase;
			buildActionMask = 2147483647;
			files = (
			);
			runOnlyForDeploymentPostprocessing = 0;
		};
/* End PBXFrameworksBuildPhase section */

/* Begin PBXGroup section */
		A00000040000000000000001 = {
			isa = PBXGroup;
			children = (
				A00000040000000000000002 /* TypeLessBuddy */,
				A00000040000000000000009 /* TypeLessBuddyTests */,
				A0000004000000000000000A /* TypeLessBuddyUITests */,
				A00000040000000000000003 /* Products */,
			);
			sourceTree = "<group>";
		};
		A00000040000000000000002 /* TypeLessBuddy */ = {
			isa = PBXGroup;
			children = (
				A00000020000000000000033 /* Resources/Sounds/Tink.aiff */,
				A00000020000000000000034 /* Resources/Sounds/Glass.aiff */,
				A00000020000000000000035 /* Resources/Sounds/Basso.aiff */,
				A00000040000000000000004 /* App */,
				A0000004000000000000000B /* Activation */,
				A0000004000000000000000C /* Audio */,
				A0000004000000000000000F /* Conversion */,
				A0000004000000000000000D /* Transcription */,
				A0000004000000000000000E /* Clipboard */,
				A00000040000000000000005 /* Shell */,
				A00000040000000000000006 /* Persistence */,
				A00000040000000000000007 /* Permissions */,
				A00000040000000000000008 /* Readiness */,
				A00000020000000000000003 /* Info.plist */,
				A00000020000000000000024 /* TypeLessBuddy-Bridging-Header.h */,
				A000000200000000000000FF /* Assets.xcassets */,
			);
			path = TypeLessBuddy;
			sourceTree = "<group>";
		};
		A00000040000000000000003 /* Products */ = {
			isa = PBXGroup;
			children = (
				A00000020000000000000004 /* TypeLessBuddy.app */,
				A00000020000000000000013 /* TypeLessBuddyTests.xctest */,
				A00000020000000000000014 /* TypeLessBuddyUITests.xctest */,
			);
			name = Products;
			sourceTree = "<group>";
		};
		A00000040000000000000004 /* App */ = {
			isa = PBXGroup;
			children = (
				A00000020000000000000001 /* TypeLessBuddyApp.swift */,
				A00000020000000000000002 /* AppDelegate.swift */,
				A00000020000000000000081 /* StatusMenuController.swift */,
			);
			path = App;
			sourceTree = "<group>";
		};
		A00000040000000000000005 /* Shell */ = {
			isa = PBXGroup;
			children = (
				A00000020000000000000104 /* DictionarySettingsView.swift */,
				A00000020000000000000084 /* GuideWindowView.swift */,
				A00000020000000000000109 /* MicPriorityPicker.swift */,
				A0000002000000000000000C /* PermissionChecklistView.swift */,
				A00000020000000000000063 /* HoldKeyDisplayFormatter.swift */,
				A00000020000000000000021 /* RecordingPillPanel.swift */,
				A00000020000000000000020 /* RecordingPillView.swift */,
				A0000002000000000000000D /* RecoveryActions.swift */,
				A00000020000000000000006 /* SetupWindowView.swift */,
				A00000020000000000000125 /* CloudLLMSettingsViewModel.swift */,
				A00000020000000000000126 /* CloudLLMSettingsSectionView.swift */,
				A00000020000000000000127 /* HistorySettingsViewModel.swift */,
				A00000020000000000000128 /* SetupWindowView+ModelStatus.swift */,
				A00000020000000000000129 /* SetupWindowView+Onboarding.swift */,
				A00000020000000000000130 /* SetupWindowView+Sections.swift */,
				A00000020000000000000135 /* SetupWindowView+Tryout.swift */,
				A00000020000000000000136 /* AccessibilityToggleIllustration.swift */,
				A00000020000000000000120 /* ShortcutRecorders.swift */,
				A00000020000000000000121 /* SettingsComponents.swift */,
				A00000020000000000000122 /* OnboardingComponents.swift */,
				A00000020000000000000123 /* HistoryViews.swift */,
				A00000020000000000000124 /* PillAndSheets.swift */,
				A00000020000000000000055 /* AIAssistantSettingsView.swift */,
			);
			path = Shell;
			sourceTree = "<group>";
		};
		A00000040000000000000006 /* Persistence */ = {
			isa = PBXGroup;
			children = (
				A00000020000000000000103 /* DictionaryStore.swift */,
				A00000020000000000000007 /* ShellPreferences.swift */,
				A00000020000000000000061 /* StoreURLResolver.swift */,
				A00000020000000000000062 /* StoreQuarantine.swift */,
				A00000020000000000000073 /* CloudLLMKeychain.swift */,
				A0000002000000000000010D /* HistoryCaptureService.swift */,
				A0000002000000000000010E /* NoteCaptureService.swift */,
			);
			path = Persistence;
			sourceTree = "<group>";
		};
		A00000040000000000000007 /* Permissions */ = {
			isa = PBXGroup;
			children = (
				A00000020000000000000008 /* KeyboardPermissionService.swift */,
				A00000020000000000000009 /* MicrophonePermissionService.swift */,
				A00000020000000000000037 /* PostEventPermissionService.swift */,
			);
			path = Permissions;
			sourceTree = "<group>";
		};
		A00000040000000000000008 /* Readiness */ = {
			isa = PBXGroup;
			children = (
				A0000002000000000000000A /* ReadinessSnapshot.swift */,
				A0000002000000000000000B /* ReadinessStore.swift */,
			);
			path = Readiness;
			sourceTree = "<group>";
		};
		A00000040000000000000009 /* TypeLessBuddyTests */ = {
			isa = PBXGroup;
			children = (
				A00000020000000000000015 /* ActivationStoreTests.swift */,
				A00000020000000000000106 /* DictionaryStoreTests.swift */,
				A00000020000000000000064 /* HoldKeyDisplayFormatterTests.swift */,
				A00000020000000000000105 /* TextReplacementEngineTests.swift */,
				A0000002000000000000001B /* AudioCaptureServiceTests.swift */,
				A0000002000000000000002B /* AudioBufferAccumulatorTests.swift */,
				A00000020000000000000108 /* MicProbeMonitorTests.swift */,
				A0000002000000000000001E /* AudioDeviceServiceTests.swift */,
				A0000002000000000000002C /* ClipboardServiceTests.swift */,
				A00000020000000000000019 /* HotkeyServiceTests.swift */,
				A0000002000000000000003D /* LLMRewriteServiceTests.swift */,
				A0000002000000000000003E /* LLMRewriteServiceIntegrationTests.swift */,
				A0000002000000000000000F /* PermissionServiceTests.swift */,
				A00000020000000000000010 /* ReadinessStateTests.swift */,
				A00000020000000000000016 /* ShellPreferencesPhase2Tests.swift */,
				A00000020000000000000030 /* ShellPreferencesModelTests.swift */,
				A0000002000000000000002A /* WhisperServiceTests.swift */,
				A0000002000000000000004B /* TriggerProfileStoreTests.swift */,
				A00000020000000000000050 /* TriggerTranscriptParserTests.swift */,
				A00000020000000000000053 /* AIAssistantSettingsViewModelTests.swift */,
				A00000020000000000000078 /* CloudLLMTests.swift */,
				A00000020000000000000083 /* ShortcutBindingPolicyTests.swift */,
				A00000020000000000000085 /* RewritePipelineBenchmarkTests.swift */,
				A0000002000000000000010F /* AssistantNoteIntentClassifierTests.swift */,
				A00000020000000000000110 /* ExternalTextPromptBuilderTests.swift */,
				A00000020000000000000111 /* ExternalTextSourceClassifierTests.swift */,
				A00000020000000000000112 /* HistoryCaptureServiceTests.swift */,
				A00000020000000000000113 /* NoteCaptureServiceTests.swift */,
				A00000020000000000000114 /* ReplacementPackCatalogTests.swift */,
				A00000020000000000000115 /* ReplacementPackServiceTests.swift */,
				A00000020000000000000133 /* RewriteModelLimitsTests.swift */,
				A00000020000000000000134 /* RewriteContextLengthIntegrationTests.swift */,
			);
			path = TypeLessBuddyTests;
			sourceTree = "<group>";
		};
		A0000004000000000000000A /* TypeLessBuddyUITests */ = {
			isa = PBXGroup;
			children = (
				A00000020000000000000011 /* MenuBarShellSmokeTests.swift */,
				A00000020000000000000012 /* PermissionRecoveryFlowTests.swift */,
				A00000020000000000000057 /* AIAssistantSettingsFlowTests.swift */,
			);
			path = TypeLessBuddyUITests;
			sourceTree = "<group>";
		};
		A0000004000000000000000B /* Activation */ = {
			isa = PBXGroup;
			children = (
				A00000020000000000000017 /* ActivationStore.swift */,
				A00000020000000000000116 /* ActivationSupport.swift */,
				A00000020000000000000117 /* ActivationStore+Notes.swift */,
				A00000020000000000000118 /* ActivationStore+Models.swift */,
				A00000020000000000000119 /* ActivationStore+Rewrite.swift */,
				A000000200000000000000F1 /* AssistantDefaults.swift */,
				A0000002000000000000001A /* HotkeyService.swift */,
				A00000020000000000000018 /* RecordingState.swift */,
				A00000020000000000000082 /* ShortcutBindingPolicy.swift */,
				A00000020000000000000102 /* TextReplacementEngine.swift */,
				A00000020000000000000049 /* TriggerProfile.swift */,
				A0000002000000000000004A /* TriggerProfileStore.swift */,
				A00000020000000000000051 /* TriggerTranscriptParser.swift */,
				A00000020000000000000052 /* TriggerTranscriptSplit.swift */,
				A00000020000000000000100 /* WordReplacement.swift */,
			);
			path = Activation;
			sourceTree = "<group>";
		};
		A0000004000000000000000C /* Audio */ = {
			isa = PBXGroup;
			children = (
				A0000002000000000000001C /* AudioCaptureService.swift */,
				A0000002000000000000001F /* AudioDeviceService.swift */,
				A0000002000000000000001D /* AudioLevelMonitor.swift */,
				A00000020000000000000027 /* AudioBufferAccumulator.swift */,
				A00000020000000000000107 /* MicProbeMonitor.swift */,
				A00000020000000000000058 /* LiveCalibrationSampleCapturer.swift */,
				A00000020000000000000022 /* ObjCExceptionCatcher.h */,
				A00000020000000000000023 /* ObjCExceptionCatcher.m */,
			);
			path = Audio;
			sourceTree = "<group>";
		};
		A0000004000000000000000D /* Transcription */ = {
			isa = PBXGroup;
			children = (
				A00000020000000000000025 /* TranscriptionResult.swift */,
				A0000002000000000000002F /* WhisperModelChoice.swift */,
				A00000020000000000000026 /* WhisperService.swift */,
			);
			path = Transcription;
			sourceTree = "<group>";
		};
		A0000004000000000000000E /* Clipboard */ = {
			isa = PBXGroup;
			children = (
				A00000020000000000000028 /* ClipboardService.swift */,
				A00000020000000000000036 /* PasteService.swift */,
			);
			path = Clipboard;
			sourceTree = "<group>";
		};
		A0000004000000000000000F /* Conversion */ = {
			isa = PBXGroup;
			children = (
				A0000002000000000000003C /* LLMRewriteService.swift */,
				A00000020000000000000059 /* RewriteModelTier.swift */,
				A00000020000000000000060 /* RewriteModelLoadState.swift */,
				A00000020000000000000070 /* CloudLLMProvider.swift */,
				A00000020000000000000071 /* CloudLLMRewriteService.swift */,
				A00000020000000000000072 /* CloudModelListService.swift */,
				A00000020000000000000079 /* ExternalTextSourceClassifier.swift */,
				A00000020000000000000080 /* ExternalTextPromptBuilder.swift */,
				A0000002000000000000010A /* AssistantNoteIntentClassifier.swift */,
				A0000002000000000000010B /* ReplacementPackCatalog.swift */,
				A0000002000000000000010C /* ReplacementPackService.swift */,
				A00000020000000000000131 /* SystemRAMProfile.swift */,
				A00000020000000000000132 /* RewriteModelLimits.swift */,
			);
			path = Conversion;
			sourceTree = "<group>";
		};
/* End PBXGroup section */

/* Begin PBXNativeTarget section */
		A00000050000000000000001 /* TypeLessBuddy */ = {
			isa = PBXNativeTarget;
			buildConfigurationList = A00000070000000000000001 /* Build configuration list for PBXNativeTarget "TypeLessBuddy" */;
			buildPhases = (
				A00000060000000000000001 /* Sources */,
				A00000030000000000000001 /* Frameworks */,
				A00000060000000000000002 /* Resources */,
			);
			buildRules = (
			);
			dependencies = (
			);
			name = TypeLessBuddy;
			packageProductDependencies = (
				A00000130000000000000001 /* KeyboardShortcuts */,
				A00000130000000000000002 /* WhisperKit */,
				A00000130000000000000003 /* MLXLLM */,
				A00000130000000000000004 /* MLXLMCommon */,
			);
			productName = TypeLessBuddy;
			productReference = A00000020000000000000004 /* TypeLessBuddy.app */;
			productType = "com.apple.product-type.application";
		};
		A00000050000000000000002 /* TypeLessBuddyTests */ = {
			isa = PBXNativeTarget;
			buildConfigurationList = A00000070000000000000003 /* Build configuration list for PBXNativeTarget "TypeLessBuddyTests" */;
			buildPhases = (
				A00000060000000000000003 /* Sources */,
				A00000030000000000000002 /* Frameworks */,
				A00000060000000000000004 /* Resources */,
			);
			buildRules = (
			);
			dependencies = (
				A00000120000000000000001 /* PBXTargetDependency */,
			);
			name = TypeLessBuddyTests;
			productName = TypeLessBuddyTests;
			productReference = A00000020000000000000013 /* TypeLessBuddyTests.xctest */;
			productType = "com.apple.product-type.bundle.unit-test";
		};
		A00000050000000000000003 /* TypeLessBuddyUITests */ = {
			isa = PBXNativeTarget;
			buildConfigurationList = A00000070000000000000004 /* Build configuration list for PBXNativeTarget "TypeLessBuddyUITests" */;
			buildPhases = (
				A00000060000000000000005 /* Sources */,
				A00000030000000000000003 /* Frameworks */,
				A00000060000000000000006 /* Resources */,
			);
			buildRules = (
			);
			dependencies = (
				A00000120000000000000002 /* PBXTargetDependency */,
			);
			name = TypeLessBuddyUITests;
			productName = TypeLessBuddyUITests;
			productReference = A00000020000000000000014 /* TypeLessBuddyUITests.xctest */;
			productType = "com.apple.product-type.bundle.ui-testing";
		};
/* End PBXNativeTarget section */

/* Begin PBXProject section */
		A00000080000000000000001 /* Project object */ = {
			isa = PBXProject;
			attributes = {
				BuildIndependentTargetsInParallel = 1;
				LastSwiftUpdateCheck = 1600;
				LastUpgradeCheck = 1600;
				ORGANIZATIONNAME = TypeLessBuddy;
				TargetAttributes = {
					A00000050000000000000001 = {
						CreatedOnToolsVersion = 16.0;
					};
					A00000050000000000000002 = {
						CreatedOnToolsVersion = 16.0;
						TestTargetID = A00000050000000000000001;
					};
					A00000050000000000000003 = {
						CreatedOnToolsVersion = 16.0;
						TestTargetID = A00000050000000000000001;
					};
				};
			};
			buildConfigurationList = A00000070000000000000002 /* Build configuration list for PBXProject "TypeLessBuddy" */;
			compatibilityVersion = "Xcode 15.0";
			developmentRegion = en;
			hasScannedForEncodings = 0;
			knownRegions = (
				en,
				Base,
			);
			mainGroup = A00000040000000000000001;
			packageReferences = (
				A00000140000000000000001 /* XCRemoteSwiftPackageReference "KeyboardShortcuts" */,
				A00000140000000000000002 /* XCRemoteSwiftPackageReference "WhisperKit" */,
				A00000140000000000000003 /* XCRemoteSwiftPackageReference "mlx-swift-lm" */,
			);
			productRefGroup = A00000040000000000000003 /* Products */;
			projectDirPath = "";
			projectRoot = "";
			targets = (
				A00000050000000000000001 /* TypeLessBuddy */,
				A00000050000000000000002 /* TypeLessBuddyTests */,
				A00000050000000000000003 /* TypeLessBuddyUITests */,
			);
		};
/* End PBXProject section */

/* Begin PBXResourcesBuildPhase section */
		A00000060000000000000002 /* Resources */ = {
			isa = PBXResourcesBuildPhase;
			buildActionMask = 2147483647;
			files = (
				A0000001000000000000002F /* Resources/Sounds/Tink.aiff in Resources */,
				A00000010000000000000030 /* Resources/Sounds/Glass.aiff in Resources */,
				A00000010000000000000031 /* Resources/Sounds/Basso.aiff in Resources */,
				A000000100000000000000FF /* Assets.xcassets in Resources */,
			);
			runOnlyForDeploymentPostprocessing = 0;
		};
		A00000060000000000000004 /* Resources */ = {
			isa = PBXResourcesBuildPhase;
			buildActionMask = 2147483647;
			files = (
			);
			runOnlyForDeploymentPostprocessing = 0;
		};
		A00000060000000000000006 /* Resources */ = {
			isa = PBXResourcesBuildPhase;
			buildActionMask = 2147483647;
			files = (
			);
			runOnlyForDeploymentPostprocessing = 0;
		};
/* End PBXResourcesBuildPhase section */

/* Begin PBXSourcesBuildPhase section */
		A00000060000000000000001 /* Sources */ = {
			isa = PBXSourcesBuildPhase;
			buildActionMask = 2147483647;
			files = (
				A00000010000000000000013 /* ActivationStore.swift in Sources */,
				A00000010000000000000116 /* ActivationSupport.swift in Sources */,
				A00000010000000000000117 /* ActivationStore+Notes.swift in Sources */,
				A00000010000000000000118 /* ActivationStore+Models.swift in Sources */,
				A00000010000000000000119 /* ActivationStore+Rewrite.swift in Sources */,
				A00000010000000000000002 /* AppDelegate.swift in Sources */,
				A00000010000000000000081 /* StatusMenuController.swift in Sources */,
				A00000010000000000000022 /* AudioBufferAccumulator.swift in Sources */,
				A00000010000000000000107 /* MicProbeMonitor.swift in Sources */,
				A00000010000000000000019 /* AudioCaptureService.swift in Sources */,
				A0000001000000000000001C /* AudioDeviceService.swift in Sources */,
				A0000001000000000000001A /* AudioLevelMonitor.swift in Sources */,
				A00000010000000000000023 /* ClipboardService.swift in Sources */,
				A0000001000000000000003C /* LLMRewriteService.swift in Sources */,
				A00000010000000000000059 /* RewriteModelTier.swift in Sources */,
				A00000010000000000000060 /* RewriteModelLoadState.swift in Sources */,
				A00000010000000000000032 /* PasteService.swift in Sources */,
				A00000010000000000000065 /* StoreURLResolver.swift in Sources */,
				A00000010000000000000066 /* StoreQuarantine.swift in Sources */,
				A00000010000000000000017 /* HotkeyService.swift in Sources */,
				A00000010000000000000082 /* ShortcutBindingPolicy.swift in Sources */,
				A00000010000000000000006 /* KeyboardPermissionService.swift in Sources */,
				A00000010000000000000007 /* MicrophonePermissionService.swift in Sources */,
				A00000010000000000000033 /* PostEventPermissionService.swift in Sources */,
				A0000001000000000000001F /* ObjCExceptionCatcher.m in Sources */,
				A00000010000000000000084 /* GuideWindowView.swift in Sources */,
				A00000010000000000000109 /* MicPriorityPicker.swift in Sources */,
				A0000001000000000000000A /* PermissionChecklistView.swift in Sources */,
				A00000010000000000000008 /* ReadinessSnapshot.swift in Sources */,
				A00000010000000000000009 /* ReadinessStore.swift in Sources */,
				A0000001000000000000001E /* RecordingPillPanel.swift in Sources */,
				A0000001000000000000001D /* RecordingPillView.swift in Sources */,
				A00000010000000000000014 /* RecordingState.swift in Sources */,
				A00000010000000000000049 /* TriggerProfile.swift in Sources */,
				A00000010000000000000100 /* WordReplacement.swift in Sources */,
				A00000010000000000000102 /* TextReplacementEngine.swift in Sources */,
				A00000010000000000000103 /* DictionaryStore.swift in Sources */,
				A00000010000000000000104 /* DictionarySettingsView.swift in Sources */,
				A000000100000000000000F1 /* AssistantDefaults.swift in Sources */,
				A0000001000000000000004A /* TriggerProfileStore.swift in Sources */,
				A00000010000000000000051 /* TriggerTranscriptParser.swift in Sources */,
				A00000010000000000000052 /* TriggerTranscriptSplit.swift in Sources */,
				A0000001000000000000000B /* RecoveryActions.swift in Sources */,
				A00000010000000000000005 /* ShellPreferences.swift in Sources */,
				A00000010000000000000055 /* AIAssistantSettingsView.swift in Sources */,
				A00000010000000000000058 /* LiveCalibrationSampleCapturer.swift in Sources */,
				A00000010000000000000067 /* HoldKeyDisplayFormatter.swift in Sources */,
				A00000010000000000000004 /* SetupWindowView.swift in Sources */,
				A00000010000000000000125 /* CloudLLMSettingsViewModel.swift in Sources */,
				A00000010000000000000126 /* CloudLLMSettingsSectionView.swift in Sources */,
				A00000010000000000000127 /* HistorySettingsViewModel.swift in Sources */,
				A00000010000000000000128 /* SetupWindowView+ModelStatus.swift in Sources */,
				A00000010000000000000129 /* SetupWindowView+Onboarding.swift in Sources */,
				A00000010000000000000130 /* SetupWindowView+Sections.swift in Sources */,
				A00000010000000000000135 /* SetupWindowView+Tryout.swift in Sources */,
				A00000010000000000000136 /* AccessibilityToggleIllustration.swift in Sources */,
				A00000010000000000000120 /* ShortcutRecorders.swift in Sources */,
				A00000010000000000000121 /* SettingsComponents.swift in Sources */,
				A00000010000000000000122 /* OnboardingComponents.swift in Sources */,
				A00000010000000000000123 /* HistoryViews.swift in Sources */,
				A00000010000000000000124 /* PillAndSheets.swift in Sources */,
				A00000010000000000000001 /* TypeLessBuddyApp.swift in Sources */,
				A00000010000000000000020 /* TranscriptionResult.swift in Sources */,
				A00000010000000000000021 /* WhisperService.swift in Sources */,
				A0000001000000000000002B /* WhisperModelChoice.swift in Sources */,
				A00000010000000000000074 /* CloudLLMProvider.swift in Sources */,
				A00000010000000000000075 /* CloudLLMRewriteService.swift in Sources */,
				A00000010000000000000076 /* CloudModelListService.swift in Sources */,
				A00000010000000000000077 /* CloudLLMKeychain.swift in Sources */,
				A00000010000000000000079 /* ExternalTextSourceClassifier.swift in Sources */,
				A00000010000000000000080 /* ExternalTextPromptBuilder.swift in Sources */,
				A0000001000000000000010A /* AssistantNoteIntentClassifier.swift in Sources */,
				A0000001000000000000010B /* ReplacementPackCatalog.swift in Sources */,
				A0000001000000000000010C /* ReplacementPackService.swift in Sources */,
				A00000010000000000000131 /* SystemRAMProfile.swift in Sources */,
				A00000010000000000000132 /* RewriteModelLimits.swift in Sources */,
				A0000001000000000000010D /* HistoryCaptureService.swift in Sources */,
				A0000001000000000000010E /* NoteCaptureService.swift in Sources */,
			);
			runOnlyForDeploymentPostprocessing = 0;
		};
		A00000060000000000000003 /* Sources */ = {
			isa = PBXSourcesBuildPhase;
			buildActionMask = 2147483647;
			files = (
				A00000010000000000000011 /* ActivationStoreTests.swift in Sources */,
				A00000010000000000000106 /* DictionaryStoreTests.swift in Sources */,
				A00000010000000000000105 /* TextReplacementEngineTests.swift in Sources */,
				A00000010000000000000026 /* AudioBufferAccumulatorTests.swift in Sources */,
				A00000010000000000000108 /* MicProbeMonitorTests.swift in Sources */,
				A00000010000000000000018 /* AudioCaptureServiceTests.swift in Sources */,
				A0000001000000000000001B /* AudioDeviceServiceTests.swift in Sources */,
				A00000010000000000000027 /* ClipboardServiceTests.swift in Sources */,
				A00000010000000000000015 /* HotkeyServiceTests.swift in Sources */,
				A00000010000000000000068 /* HoldKeyDisplayFormatterTests.swift in Sources */,
				A0000001000000000000003D /* LLMRewriteServiceTests.swift in Sources */,
				A0000001000000000000003E /* LLMRewriteServiceIntegrationTests.swift in Sources */,
				A0000001000000000000000D /* PermissionServiceTests.swift in Sources */,
				A0000001000000000000000E /* ReadinessStateTests.swift in Sources */,
				A00000010000000000000012 /* ShellPreferencesPhase2Tests.swift in Sources */,
				933C00442F6C862500B5BB12 /* ShellPreferencesModelTests.swift in Sources */,
				A00000010000000000000025 /* WhisperServiceTests.swift in Sources */,
				A0000001000000000000004B /* TriggerProfileStoreTests.swift in Sources */,
				A00000010000000000000050 /* TriggerTranscriptParserTests.swift in Sources */,
				A00000010000000000000053 /* AIAssistantSettingsViewModelTests.swift in Sources */,
				A00000010000000000000078 /* CloudLLMTests.swift in Sources */,
				A00000010000000000000083 /* ShortcutBindingPolicyTests.swift in Sources */,
				A00000010000000000000085 /* RewritePipelineBenchmarkTests.swift in Sources */,
				A0000001000000000000010F /* AssistantNoteIntentClassifierTests.swift in Sources */,
				A00000010000000000000110 /* ExternalTextPromptBuilderTests.swift in Sources */,
				A00000010000000000000111 /* ExternalTextSourceClassifierTests.swift in Sources */,
				A00000010000000000000112 /* HistoryCaptureServiceTests.swift in Sources */,
				A00000010000000000000113 /* NoteCaptureServiceTests.swift in Sources */,
				A00000010000000000000114 /* ReplacementPackCatalogTests.swift in Sources */,
				A00000010000000000000115 /* ReplacementPackServiceTests.swift in Sources */,
				A00000010000000000000133 /* RewriteModelLimitsTests.swift in Sources */,
				A00000010000000000000134 /* RewriteContextLengthIntegrationTests.swift in Sources */,
			);
			runOnlyForDeploymentPostprocessing = 0;
		};
		A00000060000000000000005 /* Sources */ = {
			isa = PBXSourcesBuildPhase;
			buildActionMask = 2147483647;
			files = (
				A0000001000000000000000F /* MenuBarShellSmokeTests.swift in Sources */,
				A00000010000000000000010 /* PermissionRecoveryFlowTests.swift in Sources */,
				A00000010000000000000057 /* AIAssistantSettingsFlowTests.swift in Sources */,
			);
			runOnlyForDeploymentPostprocessing = 0;
		};
/* End PBXSourcesBuildPhase section */

/* Begin PBXTargetDependency section */
		A00000120000000000000001 /* PBXTargetDependency */ = {
			isa = PBXTargetDependency;
			target = A00000050000000000000001 /* TypeLessBuddy */;
			targetProxy = A00000110000000000000001 /* PBXContainerItemProxy */;
		};
		A00000120000000000000002 /* PBXTargetDependency */ = {
			isa = PBXTargetDependency;
			target = A00000050000000000000001 /* TypeLessBuddy */;
			targetProxy = A00000110000000000000002 /* PBXContainerItemProxy */;
		};
/* End PBXTargetDependency section */

/* Begin XCBuildConfiguration section */
		A00000090000000000000001 /* Debug */ = {
			isa = XCBuildConfiguration;
			buildSettings = {
				ALWAYS_SEARCH_USER_PATHS = NO;
				CLANG_ENABLE_MODULES = YES;
				CLANG_WARN_DOCUMENTATION_COMMENTS = YES;
				CLANG_WARN_QUOTED_INCLUDE_IN_FRAMEWORK_HEADER = YES;
				GCC_C_LANGUAGE_STANDARD = gnu17;
				MACOSX_DEPLOYMENT_TARGET = 14.0;
				ONLY_ACTIVE_ARCH = YES;
				SDKROOT = macosx;
				SWIFT_VERSION = 5.0;
			};
			name = Debug;
		};
		A00000090000000000000002 /* Release */ = {
			isa = XCBuildConfiguration;
			buildSettings = {
				ALWAYS_SEARCH_USER_PATHS = NO;
				CLANG_ENABLE_MODULES = YES;
				CLANG_WARN_DOCUMENTATION_COMMENTS = YES;
				CLANG_WARN_QUOTED_INCLUDE_IN_FRAMEWORK_HEADER = YES;
				GCC_C_LANGUAGE_STANDARD = gnu17;
				MACOSX_DEPLOYMENT_TARGET = 14.0;
				SDKROOT = macosx;
				SWIFT_COMPILATION_MODE = wholemodule;
				SWIFT_VERSION = 5.0;
			};
			name = Release;
		};
		A00000090000000000000003 /* Debug */ = {
			isa = XCBuildConfiguration;
			buildSettings = {
				ASSETCATALOG_COMPILER_APPICON_NAME = AppIcon;
				ASSETCATALOG_COMPILER_INCLUDE_ALL_APPICON_ASSETS = YES;
				"CODE_SIGN_IDENTITY[sdk=macosx*]" = "-";
				CODE_SIGN_STYLE = Automatic;
				CURRENT_PROJECT_VERSION = 1;
				DEVELOPMENT_TEAM = T8UTF8LX97;
				ENABLE_TESTABILITY = YES;
				GENERATE_INFOPLIST_FILE = NO;
				INFOPLIST_FILE = TypeLessBuddy/Info.plist;
				INFOPLIST_KEY_CFBundleDisplayName = "Type Less Buddy";
				LD_RUNPATH_SEARCH_PATHS = (
					"$(inherited)",
					"@executable_path/../Frameworks",
				);
				MACOSX_DEPLOYMENT_TARGET = 14.0;
				MARKETING_VERSION = 0.1;
				ONLY_ACTIVE_ARCH = YES;
				PRODUCT_BUNDLE_IDENTIFIER = com.elicarter.TypeLessBuddy;
				PRODUCT_NAME = "$(TARGET_NAME)";
				SDKROOT = macosx;
				SUPPORTED_PLATFORMS = macosx;
				SWIFT_EMIT_LOC_STRINGS = YES;
				SWIFT_OBJC_BRIDGING_HEADER = "TypeLessBuddy/TypeLessBuddy-Bridging-Header.h";
				SWIFT_VERSION = 5.0;
			};
			name = Debug;
		};
		A00000090000000000000004 /* Release */ = {
			isa = XCBuildConfiguration;
			buildSettings = {
				ASSETCATALOG_COMPILER_APPICON_NAME = AppIcon;
				ASSETCATALOG_COMPILER_INCLUDE_ALL_APPICON_ASSETS = YES;
				"CODE_SIGN_IDENTITY[sdk=macosx*]" = "-";
				CODE_SIGN_STYLE = Automatic;
				CURRENT_PROJECT_VERSION = 1;
				DEVELOPMENT_TEAM = T8UTF8LX97;
				GENERATE_INFOPLIST_FILE = NO;
				INFOPLIST_FILE = TypeLessBuddy/Info.plist;
				INFOPLIST_KEY_CFBundleDisplayName = "Type Less Buddy";
				LD_RUNPATH_SEARCH_PATHS = (
					"$(inherited)",
					"@executable_path/../Frameworks",
				);
				MACOSX_DEPLOYMENT_TARGET = 14.0;
				MARKETING_VERSION = 0.1;
				PRODUCT_BUNDLE_IDENTIFIER = com.elicarter.TypeLessBuddy;
				PRODUCT_NAME = "$(TARGET_NAME)";
				SDKROOT = macosx;
				SUPPORTED_PLATFORMS = macosx;
				SWIFT_EMIT_LOC_STRINGS = YES;
				SWIFT_OBJC_BRIDGING_HEADER = "TypeLessBuddy/TypeLessBuddy-Bridging-Header.h";
				SWIFT_VERSION = 5.0;
			};
			name = Release;
		};
		A00000090000000000000005 /* Debug */ = {
			isa = XCBuildConfiguration;
			buildSettings = {
				BUNDLE_LOADER = "$(TEST_HOST)";
				CODE_SIGN_STYLE = Automatic;
				CURRENT_PROJECT_VERSION = 1;
				GENERATE_INFOPLIST_FILE = YES;
				LD_RUNPATH_SEARCH_PATHS = (
					"$(inherited)",
					"@executable_path/../Frameworks",
					"@loader_path/../Frameworks",
				);
				MACOSX_DEPLOYMENT_TARGET = 14.0;
				ONLY_ACTIVE_ARCH = YES;
				PRODUCT_BUNDLE_IDENTIFIER = com.elicarter.TypeLessBuddyTests;
				PRODUCT_NAME = "$(TARGET_NAME)";
				SDKROOT = macosx;
				SUPPORTED_PLATFORMS = macosx;
				SWIFT_VERSION = 5.0;
				TEST_HOST = "$(BUILT_PRODUCTS_DIR)/TypeLessBuddy.app/Contents/MacOS/TypeLessBuddy";
				TEST_TARGET_NAME = TypeLessBuddy;
			};
			name = Debug;
		};
		A00000090000000000000006 /* Release */ = {
			isa = XCBuildConfiguration;
			buildSettings = {
				BUNDLE_LOADER = "$(TEST_HOST)";
				CODE_SIGN_STYLE = Automatic;
				CURRENT_PROJECT_VERSION = 1;
				GENERATE_INFOPLIST_FILE = YES;
				LD_RUNPATH_SEARCH_PATHS = (
					"$(inherited)",
					"@executable_path/../Frameworks",
					"@loader_path/../Frameworks",
				);
				MACOSX_DEPLOYMENT_TARGET = 14.0;
				PRODUCT_BUNDLE_IDENTIFIER = com.elicarter.TypeLessBuddyTests;
				PRODUCT_NAME = "$(TARGET_NAME)";
				SDKROOT = macosx;
				SUPPORTED_PLATFORMS = macosx;
				SWIFT_VERSION = 5.0;
				TEST_HOST = "$(BUILT_PRODUCTS_DIR)/TypeLessBuddy.app/Contents/MacOS/TypeLessBuddy";
				TEST_TARGET_NAME = TypeLessBuddy;
			};
			name = Release;
		};
		A00000090000000000000007 /* Debug */ = {
			isa = XCBuildConfiguration;
			buildSettings = {
				CODE_SIGN_STYLE = Automatic;
				CURRENT_PROJECT_VERSION = 1;
				GENERATE_INFOPLIST_FILE = YES;
				LD_RUNPATH_SEARCH_PATHS = (
					"$(inherited)",
					"@executable_path/../Frameworks",
					"@loader_path/../Frameworks",
				);
				MACOSX_DEPLOYMENT_TARGET = 14.0;
				ONLY_ACTIVE_ARCH = YES;
				PRODUCT_BUNDLE_IDENTIFIER = com.elicarter.TypeLessBuddyUITests;
				PRODUCT_NAME = "$(TARGET_NAME)";
				SDKROOT = macosx;
				SUPPORTED_PLATFORMS = macosx;
				SWIFT_VERSION = 5.0;
				TEST_TARGET_NAME = TypeLessBuddy;
			};
			name = Debug;
		};
		A00000090000000000000008 /* Release */ = {
			isa = XCBuildConfiguration;
			buildSettings = {
				CODE_SIGN_STYLE = Automatic;
				CURRENT_PROJECT_VERSION = 1;
				GENERATE_INFOPLIST_FILE = YES;
				LD_RUNPATH_SEARCH_PATHS = (
					"$(inherited)",
					"@executable_path/../Frameworks",
					"@loader_path/../Frameworks",
				);
				MACOSX_DEPLOYMENT_TARGET = 14.0;
				PRODUCT_BUNDLE_IDENTIFIER = com.elicarter.TypeLessBuddyUITests;
				PRODUCT_NAME = "$(TARGET_NAME)";
				SDKROOT = macosx;
				SUPPORTED_PLATFORMS = macosx;
				SWIFT_VERSION = 5.0;
				TEST_TARGET_NAME = TypeLessBuddy;
			};
			name = Release;
		};
/* End XCBuildConfiguration section */

/* Begin XCConfigurationList section */
		A00000070000000000000001 /* Build configuration list for PBXNativeTarget "TypeLessBuddy" */ = {
			isa = XCConfigurationList;
			buildConfigurations = (
				A00000090000000000000003 /* Debug */,
				A00000090000000000000004 /* Release */,
			);
			defaultConfigurationIsVisible = 0;
			defaultConfigurationName = Release;
		};
		A00000070000000000000002 /* Build configuration list for PBXProject "TypeLessBuddy" */ = {
			isa = XCConfigurationList;
			buildConfigurations = (
				A00000090000000000000001 /* Debug */,
				A00000090000000000000002 /* Release */,
			);
			defaultConfigurationIsVisible = 0;
			defaultConfigurationName = Release;
		};
		A00000070000000000000003 /* Build configuration list for PBXNativeTarget "TypeLessBuddyTests" */ = {
			isa = XCConfigurationList;
			buildConfigurations = (
				A00000090000000000000005 /* Debug */,
				A00000090000000000000006 /* Release */,
			);
			defaultConfigurationIsVisible = 0;
			defaultConfigurationName = Release;
		};
		A00000070000000000000004 /* Build configuration list for PBXNativeTarget "TypeLessBuddyUITests" */ = {
			isa = XCConfigurationList;
			buildConfigurations = (
				A00000090000000000000007 /* Debug */,
				A00000090000000000000008 /* Release */,
			);
			defaultConfigurationIsVisible = 0;
			defaultConfigurationName = Release;
		};
/* End XCConfigurationList section */

/* Begin XCRemoteSwiftPackageReference section */
		A00000140000000000000001 /* XCRemoteSwiftPackageReference "KeyboardShortcuts" */ = {
			isa = XCRemoteSwiftPackageReference;
			repositoryURL = "https://github.com/sindresorhus/KeyboardShortcuts";
			requirement = {
				kind = upToNextMajorVersion;
				minimumVersion = 1.0.0;
			};
		};
		A00000140000000000000002 /* XCRemoteSwiftPackageReference "WhisperKit" */ = {
			isa = XCRemoteSwiftPackageReference;
			repositoryURL = "https://github.com/argmaxinc/WhisperKit";
			requirement = {
				kind = upToNextMajorVersion;
				minimumVersion = 0.17.0;
			};
		};
		A00000140000000000000003 /* XCRemoteSwiftPackageReference "mlx-swift-lm" */ = {
			isa = XCRemoteSwiftPackageReference;
			repositoryURL = "https://github.com/ml-explore/mlx-swift-lm";
			requirement = {
				kind = revision;
				revision = 06bfeed73f5b93f476057c8dc6d9c8a329ae3072;
			};
		};
/* End XCRemoteSwiftPackageReference section */

/* Begin XCSwiftPackageProductDependency section */
		A00000130000000000000001 /* KeyboardShortcuts */ = {
			isa = XCSwiftPackageProductDependency;
			package = A00000140000000000000001 /* XCRemoteSwiftPackageReference "KeyboardShortcuts" */;
			productName = KeyboardShortcuts;
		};
		A00000130000000000000002 /* WhisperKit */ = {
			isa = XCSwiftPackageProductDependency;
			package = A00000140000000000000002 /* XCRemoteSwiftPackageReference "WhisperKit" */;
			productName = WhisperKit;
		};
		A00000130000000000000003 /* MLXLLM */ = {
			isa = XCSwiftPackageProductDependency;
			package = A00000140000000000000003 /* XCRemoteSwiftPackageReference "mlx-swift-lm" */;
			productName = MLXLLM;
		};
		A00000130000000000000004 /* MLXLMCommon */ = {
			isa = XCSwiftPackageProductDependency;
			package = A00000140000000000000003 /* XCRemoteSwiftPackageReference "mlx-swift-lm" */;
			productName = MLXLMCommon;
		};
/* End XCSwiftPackageProductDependency section */
	};
	rootObject = A00000080000000000000001 /* Project object */;
}
